{
  "name": "@kparc/k",
  "version": "2.0.3",
  "lockfileVersion": 2,
  "requires": true,
  "packages": {
    "": {
      "name": "@kparc/k",
      "version": "2.0.3",
      "hasInstallScript": true,
      "license": "MIT",
      "bin": {
        "k": "bin/k"
      },
      "devDependencies": {}
    }
  }
}
